
Microsoft Visual Studio Solution File, Format Version 12.00
# Visual Studio Version 16
VisualStudioVersion = 16.0.29920.165
MinimumVisualStudioVersion = 10.0.40219.1
Project("{FAE04EC0-301F-11D3-BF4B-00C04F79EFBC}") = "QuanLySinhVien", "QuanLySinhVien\QuanLySinhVien.csproj", "{60F8A361-DAE1-4B4D-9578-B6DDF1609295}"
EndProject
Global
	GlobalSection(SolutionConfigurationPlatforms) = preSolution
		Debug|Any CPU = Debug|Any CPU
		Release|Any CPU = Release|Any CPU
	EndGlobalSection
	GlobalSection(ProjectConfigurationPlatforms) = postSolution
		{60F8A361-DAE1-4B4D-9578-B6DDF1609295}.Debug|Any CPU.ActiveCfg = Debug|Any CPU
		{60F8A361-DAE1-4B4D-9578-B6DDF1609295}.Debug|Any CPU.Build.0 = Debug|Any CPU
		{60F8A361-DAE1-4B4D-9578-B6DDF1609295}.Release|Any CPU.ActiveCfg = Release|Any CPU
		{60F8A361-DAE1-4B4D-9578-B6DDF1609295}.Release|Any CPU.Build.0 = Release|Any CPU
	EndGlobalSection
	GlobalSection(SolutionProperties) = preSolution
		HideSolutionNode = FALSE
	EndGlobalSection
	GlobalSection(ExtensibilityGlobals) = postSolution
		SolutionGuid = {251BF0DD-3208-4C28-9D87-4991227F6985}
	EndGlobalSection
EndGlobal
